Microsoft Visual Studio Solution File, Format Version 11.00
# Visual Studio 2008

Project("{D548CFDE-E5C5-4E63-B866-88BA7304B672}") = "SSII", "Assembly-CSharp-firstpass.csproj", "{FE56CBD8-5014-BE45-FAA6-2C21214746B9}"
EndProject
Project("{D548CFDE-E5C5-4E63-B866-88BA7304B672}") = "SSII", "Assembly-CSharp.csproj", "{58E14C00-F880-CE30-451D-DF28FDFC1533}"
EndProject
Project("{D548CFDE-E5C5-4E63-B866-88BA7304B672}") = "SSII", "Assembly-CSharp-Editor.csproj", "{2D977D4C-3ECD-2838-A401-2E249878FFC0}"
EndProject
Global
	GlobalSection(SolutionConfigurationPlatforms) = preSolution
		Debug|Any CPU = Debug|Any CPU
		Release|Any CPU = Release|Any CPU
	EndGlobalSection
	GlobalSection(ProjectConfigurationPlatforms) = postSolution
		{FE56CBD8-5014-BE45-FAA6-2C21214746B9}.Debug|Any CPU.ActiveCfg = Debug|Any CPU
		{FE56CBD8-5014-BE45-FAA6-2C21214746B9}.Debug|Any CPU.Build.0 = Debug|Any CPU
		{FE56CBD8-5014-BE45-FAA6-2C21214746B9}.Release|Any CPU.ActiveCfg = Release|Any CPU
		{FE56CBD8-5014-BE45-FAA6-2C21214746B9}.Release|Any CPU.Build.0 = Release|Any CPU
		{58E14C00-F880-CE30-451D-DF28FDFC1533}.Debug|Any CPU.ActiveCfg = Debug|Any CPU
		{58E14C00-F880-CE30-451D-DF28FDFC1533}.Debug|Any CPU.Build.0 = Debug|Any CPU
		{58E14C00-F880-CE30-451D-DF28FDFC1533}.Release|Any CPU.ActiveCfg = Release|Any CPU
		{58E14C00-F880-CE30-451D-DF28FDFC1533}.Release|Any CPU.Build.0 = Release|Any CPU
		{2D977D4C-3ECD-2838-A401-2E249878FFC0}.Debug|Any CPU.ActiveCfg = Debug|Any CPU
		{2D977D4C-3ECD-2838-A401-2E249878FFC0}.Debug|Any CPU.Build.0 = Debug|Any CPU
		{2D977D4C-3ECD-2838-A401-2E249878FFC0}.Release|Any CPU.ActiveCfg = Release|Any CPU
		{2D977D4C-3ECD-2838-A401-2E249878FFC0}.Release|Any CPU.Build.0 = Release|Any CPU
	EndGlobalSection
	GlobalSection(SolutionProperties) = preSolution
		HideSolutionNode = FALSE
	EndGlobalSection
	GlobalSection(MonoDevelopProperties) = preSolution
		StartupItem = Assembly-CSharp.csproj
		Policies = $0
		$0.TextStylePolicy = $1
		$1.inheritsSet = null
		$1.scope = text/x-csharp
		$0.CSharpFormattingPolicy = $2
		$2.inheritsSet = Mono
		$2.inheritsScope = text/x-csharp
		$2.scope = text/x-csharp
		$0.TextStylePolicy = $3
		$3.FileWidth = 120
		$3.TabWidth = 4
		$3.IndentWidth = 4
		$3.EolMarker = Unix
		$3.inheritsSet = Mono
		$3.inheritsScope = text/plain
		$3.scope = text/plain
	EndGlobalSection
EndGlobal
