
Microsoft Visual Studio Solution File, Format Version 12.00
# Visual Studio 2015
Project("{FAE04EC0-301F-11D3-BF4B-00C04F79EFBC}") = "SSII.CSharp.Plugins", "SSII.CSharp.Plugins.csproj", "{860E83B5-7EA5-5945-5873-8C9D37370156}"
EndProject
Project("{FAE04EC0-301F-11D3-BF4B-00C04F79EFBC}") = "SSII.CSharp", "SSII.CSharp.csproj", "{912D39C8-15DE-88C2-CEB3-A8C8142DD005}"
EndProject
Project("{FAE04EC0-301F-11D3-BF4B-00C04F79EFBC}") = "SSII.CSharp.Editor", "SSII.CSharp.Editor.csproj", "{933B331E-1AF3-83A1-4798-3553EA926514}"
EndProject
Global
	GlobalSection(SolutionConfigurationPlatforms) = preSolution
		Debug|Any CPU = Debug|Any CPU
		Release|Any CPU = Release|Any CPU
	EndGlobalSection
	GlobalSection(ProjectConfigurationPlatforms) = postSolution
		{860E83B5-7EA5-5945-5873-8C9D37370156}.Debug|Any CPU.ActiveCfg = Debug|Any CPU
		{860E83B5-7EA5-5945-5873-8C9D37370156}.Debug|Any CPU.Build.0 = Debug|Any CPU
		{860E83B5-7EA5-5945-5873-8C9D37370156}.Release|Any CPU.ActiveCfg = Release|Any CPU
		{860E83B5-7EA5-5945-5873-8C9D37370156}.Release|Any CPU.Build.0 = Release|Any CPU
		{912D39C8-15DE-88C2-CEB3-A8C8142DD005}.Debug|Any CPU.ActiveCfg = Debug|Any CPU
		{912D39C8-15DE-88C2-CEB3-A8C8142DD005}.Debug|Any CPU.Build.0 = Debug|Any CPU
		{912D39C8-15DE-88C2-CEB3-A8C8142DD005}.Release|Any CPU.ActiveCfg = Release|Any CPU
		{912D39C8-15DE-88C2-CEB3-A8C8142DD005}.Release|Any CPU.Build.0 = Release|Any CPU
		{933B331E-1AF3-83A1-4798-3553EA926514}.Debug|Any CPU.ActiveCfg = Debug|Any CPU
		{933B331E-1AF3-83A1-4798-3553EA926514}.Debug|Any CPU.Build.0 = Debug|Any CPU
		{933B331E-1AF3-83A1-4798-3553EA926514}.Release|Any CPU.ActiveCfg = Release|Any CPU
		{933B331E-1AF3-83A1-4798-3553EA926514}.Release|Any CPU.Build.0 = Release|Any CPU
	EndGlobalSection
	GlobalSection(SolutionProperties) = preSolution
		HideSolutionNode = FALSE
	EndGlobalSection
EndGlobal
